{
    "_meta": {
        "hash": {
            "sha256": "e31b2dfa170fb2d1e87e1130a430ffd45f787f78f6f8819f3afab263e05f97b7"
        },
        "host-environment-markers": {
            "implementation_name": "cpython",
            "implementation_version": "0",
            "os_name": "posix",
            "platform_machine": "x86_64",
            "platform_python_implementation": "CPython",
            "platform_release": "4.12.10-1-ARCH",
            "platform_system": "Linux",
            "platform_version": "#1 SMP PREEMPT Wed Aug 30 12:18:42 CEST 2017",
            "python_full_version": "2.7.13",
            "python_version": "2.7",
            "sys_platform": "linux2"
        },
        "pipfile-spec": 6,
        "requires": {},
        "sources": [
            {
                "name": "pypi",
                "url": "https://pypi.python.org/simple",
                "verify_ssl": true
            }
        ]
    },
    "default": {
        "adafruit-ampy": {
            "hashes": [
                "sha256:da098aee115defbc83d1ca5c8db78daf1cc3e846512a89300e30d949f0c908b8",
                "sha256:8a7c4c9c3873ff63c88b6974275ce59205eb040b6e02d8a40be7ee2dfdc5459a"
            ],
            "version": "==1.0.2"
        },
        "click": {
            "hashes": [
                "sha256:29f99fc6125fbc931b758dc053b3114e55c77a6e4c6c3a2674a2dc986016381d",
                "sha256:f15516df478d5a56180fbf80e68f206010e6d160fc39fa508b65e035fd75130b"
            ],
            "version": "==6.7"
        },
        "ecdsa": {
            "hashes": [
                "sha256:40d002cf360d0e035cf2cb985e1308d41aaa087cbfc135b2dc2d844296ea546c",
                "sha256:64cf1ee26d1cde3c73c6d7d107f835fed7c6a2904aef9eac223d57ad800c43fa"
            ],
            "version": "==0.13"
        },
        "esptool": {
            "hashes": [
                "sha256:d709dbf89ee36ec7db3bbc35e574232acc6e32bea4e8257f8f56411cdd48e321"
            ],
            "version": "==2.1"
        },
        "pyaes": {
            "hashes": [
                "sha256:02c1b1405c38d3c370b085fb952dd8bea3fadcee6411ad99f312cc129c536d8f"
            ],
            "version": "==1.6.1"
        },
        "pyserial": {
            "hashes": [
                "sha256:e0770fadba80c31013896c7e6ef703f72e7834965954a78e71a3049488d4d7d8",
                "sha256:6e2d401fdee0eab996cf734e67773a0143b932772ca8b42451440cfed942c627"
            ],
            "version": "==3.4"
        }
    },
    "develop": {}
}
